<Solution>
  <Project Path="Quarkit.Benchmarks/Quarkit.Benchmarks.csproj" Id="fdf5921f-4b78-4ba0-b6af-abe1c4c16575" />
  <Project Path="Quarkit.CLI/Quarkit.CLI.csproj" />
  <Project Path="Quarkit.Core/Quarkit.Core.csproj" />
  <Project Path="Quarkit.Models/Quarkit.Models.csproj" />
  <Project Path="Quarkit.Tests/Quarkit.Tests.csproj" />
</Solution>
